
Microsoft Visual Studio Solution File, Format Version 12.00
# Visual Studio 15
VisualStudioVersion = 15.0.26430.14
MinimumVisualStudioVersion = 10.0.40219.1
Project("{F2A71F9B-5D33-465A-A702-920D77279786}") = "ProjectEuler", "ProjectEuler\ProjectEuler.fsproj", "{F7CF17F9-A6B5-4EBF-A4CD-C27DD3C1F416}"
EndProject
Project("{F2A71F9B-5D33-465A-A702-920D77279786}") = "Tests", "Tests\Tests.fsproj", "{4F2242C4-8944-4BA9-B193-9597787FE094}"
EndProject
Global
	GlobalSection(SolutionConfigurationPlatforms) = preSolution
		Debug|Any CPU = Debug|Any CPU
		Release|Any CPU = Release|Any CPU
	EndGlobalSection
	GlobalSection(ProjectConfigurationPlatforms) = postSolution
		{F7CF17F9-A6B5-4EBF-A4CD-C27DD3C1F416}.Debug|Any CPU.ActiveCfg = Debug|Any CPU
		{F7CF17F9-A6B5-4EBF-A4CD-C27DD3C1F416}.Debug|Any CPU.Build.0 = Debug|Any CPU
		{F7CF17F9-A6B5-4EBF-A4CD-C27DD3C1F416}.Release|Any CPU.ActiveCfg = Release|Any CPU
		{F7CF17F9-A6B5-4EBF-A4CD-C27DD3C1F416}.Release|Any CPU.Build.0 = Release|Any CPU
		{4F2242C4-8944-4BA9-B193-9597787FE094}.Debug|Any CPU.ActiveCfg = Debug|Any CPU
		{4F2242C4-8944-4BA9-B193-9597787FE094}.Debug|Any CPU.Build.0 = Debug|Any CPU
		{4F2242C4-8944-4BA9-B193-9597787FE094}.Release|Any CPU.ActiveCfg = Release|Any CPU
		{4F2242C4-8944-4BA9-B193-9597787FE094}.Release|Any CPU.Build.0 = Release|Any CPU
	EndGlobalSection
	GlobalSection(SolutionProperties) = preSolution
		HideSolutionNode = FALSE
	EndGlobalSection
	GlobalSection(ExtensibilityGlobals) = postSolution
		SolutionGuid = {7FF53CEA-A540-466A-980B-3BC29AE46561}
	EndGlobalSection
EndGlobal
